
Microsoft Visual Studio Solution File, Format Version 12.00
# Visual Studio Version 17
VisualStudioVersion = 17.13.35919.96 d17.13
MinimumVisualStudioVersion = 10.0.40219.1
Project("{FAE04EC0-301F-11D3-BF4B-00C04F79EFBC}") = "SimpleNewsPortal", "SimpleNewsPortal\SimpleNewsPortal.csproj", "{D92735A7-944B-4136-87C1-1B9C6EDD0F8D}"
EndProject
Global
	GlobalSection(SolutionConfigurationPlatforms) = preSolution
		Debug|Any CPU = Debug|Any CPU
		Release|Any CPU = Release|Any CPU
	EndGlobalSection
	GlobalSection(ProjectConfigurationPlatforms) = postSolution
		{D92735A7-944B-4136-87C1-1B9C6EDD0F8D}.Debug|Any CPU.ActiveCfg = Debug|Any CPU
		{D92735A7-944B-4136-87C1-1B9C6EDD0F8D}.Debug|Any CPU.Build.0 = Debug|Any CPU
		{D92735A7-944B-4136-87C1-1B9C6EDD0F8D}.Release|Any CPU.ActiveCfg = Release|Any CPU
		{D92735A7-944B-4136-87C1-1B9C6EDD0F8D}.Release|Any CPU.Build.0 = Release|Any CPU
	EndGlobalSection
	GlobalSection(SolutionProperties) = preSolution
		HideSolutionNode = FALSE
	EndGlobalSection
	GlobalSection(ExtensibilityGlobals) = postSolution
		SolutionGuid = {39C214CC-D8A9-46C2-8FAB-586D3D5FFECE}
	EndGlobalSection
EndGlobal
